
Microsoft Visual Studio Solution File, Format Version 12.00
Project("{FAE04EC0-301F-11D3-BF4B-00C04F79EFBC}") = "USBConnectionDebugger", "USBConnectionDebugger.csproj", "{D6A2C1FF-404F-46AD-B5B0-085022AC955C}"
EndProject
Global
	GlobalSection(SolutionConfigurationPlatforms) = preSolution
		Debug|Any CPU = Debug|Any CPU
		Release|Any CPU = Release|Any CPU
	EndGlobalSection
	GlobalSection(ProjectConfigurationPlatforms) = postSolution
		{D6A2C1FF-404F-46AD-B5B0-085022AC955C}.Debug|Any CPU.ActiveCfg = Debug|Any CPU
		{D6A2C1FF-404F-46AD-B5B0-085022AC955C}.Debug|Any CPU.Build.0 = Debug|Any CPU
		{D6A2C1FF-404F-46AD-B5B0-085022AC955C}.Release|Any CPU.ActiveCfg = Release|Any CPU
		{D6A2C1FF-404F-46AD-B5B0-085022AC955C}.Release|Any CPU.Build.0 = Release|Any CPU
	EndGlobalSection
EndGlobal
